// !$*UTF8*$!
{
	archiveVersion = 1;
	classes = {
	};
	objectVersion = 46;
	objects = {

/* Begin PBXBuildFile section */
		2B2718FA18E5C5FC00ED2650 /* Foundation.framework in Frameworks */ = {isa = PBXBuildFile; fileRef = 2B2718F918E5C5FC00ED2650 /* Foundation.framework */; };
		2B2718FC18E5C5FC00ED2650 /* CoreGraphics.framework in Frameworks */ = {isa = PBXBuildFile; fileRef = 2B2718FB18E5C5FC00ED2650 /* CoreGraphics.framework */; };
		2B2718FE18E5C5FC00ED2650 /* UIKit.framework in Frameworks */ = {isa = PBXBuildFile; fileRef = 2B2718FD18E5C5FC00ED2650 /* UIKit.framework */; };
		2B27190418E5C5FC00ED2650 /* InfoPlist.strings in Resources */ = {isa = PBXBuildFile; fileRef = 2B27190218E5C5FC00ED2650 /* InfoPlist.strings */; };
		2B27190618E5C5FC00ED2650 /* main.m in Sources */ = {isa = PBXBuildFile; fileRef = 2B27190518E5C5FC00ED2650 /* main.m */; };
		2B27190A18E5C5FC00ED2650 /* SBAppDelegate.m in Sources */ = {isa = PBXBuildFile; fileRef = 2B27190918E5C5FC00ED2650 /* SBAppDelegate.m */; };
		2B27190D18E5C5FC00ED2650 /* Main.storyboard in Resources */ = {isa = PBXBuildFile; fileRef = 2B27190B18E5C5FC00ED2650 /* Main.storyboard */; };
		2B27191018E5C5FC00ED2650 /* SBViewController.m in Sources */ = {isa = PBXBuildFile; fileRef = 2B27190F18E5C5FC00ED2650 /* SBViewController.m */; };
		2B27191218E5C5FC00ED2650 /* Images.xcassets in Resources */ = {isa = PBXBuildFile; fileRef = 2B27191118E5C5FC00ED2650 /* Images.xcassets */; };
		2B27191918E5C5FD00ED2650 /* XCTest.framework in Frameworks */ = {isa = PBXBuildFile; fileRef = 2B27191818E5C5FD00ED2650 /* XCTest.framework */; };
		2B27191A18E5C5FD00ED2650 /* Foundation.framework in Frameworks */ = {isa = PBXBuildFile; fileRef = 2B2718F918E5C5FC00ED2650 /* Foundation.framework */; };
		2B27191B18E5C5FD00ED2650 /* UIKit.framework in Frameworks */ = {isa = PBXBuildFile; fileRef = 2B2718FD18E5C5FC00ED2650 /* UIKit.framework */; };
		2B27192318E5C5FD00ED2650 /* InfoPlist.strings in Resources */ = {isa = PBXBuildFile; fileRef = 2B27192118E5C5FD00ED2650 /* InfoPlist.strings */; };
		2B27192518E5C5FD00ED2650 /* sporttracksTests.m in Sources */ = {isa = PBXBuildFile; fileRef = 2B27192418E5C5FD00ED2650 /* sporttracksTests.m */; };
		2B7EB19B18E9AD0900C5887D /* SBUser.m in Sources */ = {isa = PBXBuildFile; fileRef = 2B7EB19A18E9AD0900C5887D /* SBUser.m */; };
		2B7EB19F18E9CB0700C5887D /* SBHistoryTableViewController.m in Sources */ = {isa = PBXBuildFile; fileRef = 2B7EB19D18E9CB0700C5887D /* SBHistoryTableViewController.m */; };
		2B7EB1A318E9D2D500C5887D /* SBAPIManager.m in Sources */ = {isa = PBXBuildFile; fileRef = 2B7EB1A218E9D2D500C5887D /* SBAPIManager.m */; };
		2B7EB1A618E9F4EC00C5887D /* SBWorkoutSummary.m in Sources */ = {isa = PBXBuildFile; fileRef = 2B7EB1A518E9F4EC00C5887D /* SBWorkoutSummary.m */; };
		2B7EB1A918E9F68400C5887D /* SBBaseModelObject.m in Sources */ = {isa = PBXBuildFile; fileRef = 2B7EB1A818E9F68400C5887D /* SBBaseModelObject.m */; };
		2B7EB1B018EB059B00C5887D /* SBWorkout.m in Sources */ = {isa = PBXBuildFile; fileRef = 2B7EB1AF18EB059B00C5887D /* SBWorkout.m */; };
		2B7EB1B318EB117000C5887D /* SBWorkoutTableViewController.m in Sources */ = {isa = PBXBuildFile; fileRef = 2B7EB1B218EB117000C5887D /* SBWorkoutTableViewController.m */; };
		2B7EB1B918EBF6CE00C5887D /* NSDate+RFCAndISO.m in Sources */ = {isa = PBXBuildFile; fileRef = 2B7EB1B818EBF6CE00C5887D /* NSDate+RFCAndISO.m */; };
/* End PBXBuildFile section */

/* Begin PBXContainerItemProxy section */
		2B27191C18E5C5FD00ED2650 /* PBXContainerItemProxy */ = {
			isa = PBXContainerItemProxy;
			containerPortal = 2B2718EE18E5C5FC00ED2650 /* Project object */;
			proxyType = 1;
			remoteGlobalIDString = 2B2718F518E5C5FC00ED2650;
			remoteInfo = sporttracks;
		};
/* End PBXContainerItemProxy section */

/* Begin PBXFileReference section */
		2B2718F618E5C5FC00ED2650 /* sporttracks.app */ = {isa = PBXFileReference; explicitFileType = wrapper.application; includeInIndex = 0; path = sporttracks.app; sourceTree = BUILT_PRODUCTS_DIR; };
		2B2718F918E5C5FC00ED2650 /* Foundation.framework */ = {isa = PBXFileReference; lastKnownFileType = wrapper.framework; name = Foundation.framework; path = System/Library/Frameworks/Foundation.framework; sourceTree = SDKROOT; };
		2B2718FB18E5C5FC00ED2650 /* CoreGraphics.framework */ = {isa = PBXFileReference; lastKnownFileType = wrapper.framework; name = CoreGraphics.framework; path = System/Library/Frameworks/CoreGraphics.framework; sourceTree = SDKROOT; };
		2B2718FD18E5C5FC00ED2650 /* UIKit.framework */ = {isa = PBXFileReference; lastKnownFileType = wrapper.framework; name = UIKit.framework; path = System/Library/Frameworks/UIKit.framework; sourceTree = SDKROOT; };
		2B27190118E5C5FC00ED2650 /* sporttracks-Info.plist */ = {isa = PBXFileReference; lastKnownFileType = text.plist.xml; path = "sporttracks-Info.plist"; sourceTree = "<group>"; };
		2B27190318E5C5FC00ED2650 /* en */ = {isa = PBXFileReference; lastKnownFileType = text.plist.strings; name = en; path = en.lproj/InfoPlist.strings; sourceTree = "<group>"; };
		2B27190518E5C5FC00ED2650 /* main.m */ = {isa = PBXFileReference; lastKnownFileType = sourcecode.c.objc; path = main.m; sourceTree = "<group>"; };
		2B27190718E5C5FC00ED2650 /* sporttracks-Prefix.pch */ = {isa = PBXFileReference; lastKnownFileType = sourcecode.c.h; path = "sporttracks-Prefix.pch"; sourceTree = "<group>"; };
		2B27190818E5C5FC00ED2650 /* SBAppDelegate.h */ = {isa = PBXFileReference; lastKnownFileType = sourcecode.c.h; path = SBAppDelegate.h; sourceTree = "<group>"; };
		2B27190918E5C5FC00ED2650 /* SBAppDelegate.m */ = {isa = PBXFileReference; lastKnownFileType = sourcecode.c.objc; path = SBAppDelegate.m; sourceTree = "<group>"; };
		2B27190C18E5C5FC00ED2650 /* Base */ = {isa = PBXFileReference; lastKnownFileType = file.storyboard; name = Base; path = Base.lproj/Main.storyboard; sourceTree = "<group>"; };
		2B27190E18E5C5FC00ED2650 /* SBViewController.h */ = {isa = PBXFileReference; lastKnownFileType = sourcecode.c.h; path = SBViewController.h; sourceTree = "<group>"; };
		2B27190F18E5C5FC00ED2650 /* SBViewController.m */ = {isa = PBXFileReference; lastKnownFileType = sourcecode.c.objc; path = SBViewController.m; sourceTree = "<group>"; };
		2B27191118E5C5FC00ED2650 /* Images.xcassets */ = {isa = PBXFileReference; lastKnownFileType = folder.assetcatalog; path = Images.xcassets; sourceTree = "<group>"; };
		2B27191718E5C5FD00ED2650 /* sporttracksTests.xctest */ = {isa = PBXFileReference; explicitFileType = wrapper.cfbundle; includeInIndex = 0; path = sporttracksTests.xctest; sourceTree = BUILT_PRODUCTS_DIR; };
		2B27191818E5C5FD00ED2650 /* XCTest.framework */ = {isa = PBXFileReference; lastKnownFileType = wrapper.framework; name = XCTest.framework; path = Library/Frameworks/XCTest.framework; sourceTree = DEVELOPER_DIR; };
		2B27192018E5C5FD00ED2650 /* sporttracksTests-Info.plist */ = {isa = PBXFileReference; lastKnownFileType = text.plist.xml; path = "sporttracksTests-Info.plist"; sourceTree = "<group>"; };
		2B27192218E5C5FD00ED2650 /* en */ = {isa = PBXFileReference; lastKnownFileType = text.plist.strings; name = en; path = en.lproj/InfoPlist.strings; sourceTree = "<group>"; };
		2B27192418E5C5FD00ED2650 /* sporttracksTests.m */ = {isa = PBXFileReference; lastKnownFileType = sourcecode.c.objc; path = sporttracksTests.m; sourceTree = "<group>"; };
		2B7EB19918E9AD0900C5887D /* SBUser.h */ = {isa = PBXFileReference; fileEncoding = 4; lastKnownFileType = sourcecode.c.h; path = SBUser.h; sourceTree = "<group>"; };
		2B7EB19A18E9AD0900C5887D /* SBUser.m */ = {isa = PBXFileReference; fileEncoding = 4; lastKnownFileType = sourcecode.c.objc; path = SBUser.m; sourceTree = "<group>"; };
		2B7EB19C18E9CB0700C5887D /* SBHistoryTableViewController.h */ = {isa = PBXFileReference; fileEncoding = 4; lastKnownFileType = sourcecode.c.h; path = SBHistoryTableViewController.h; sourceTree = "<group>"; };
		2B7EB19D18E9CB0700C5887D /* SBHistoryTableViewController.m */ = {isa = PBXFileReference; fileEncoding = 4; lastKnownFileType = sourcecode.c.objc; path = SBHistoryTableViewController.m; sourceTree = "<group>"; };
		2B7EB1A118E9D2D500C5887D /* SBAPIManager.h */ = {isa = PBXFileReference; fileEncoding = 4; lastKnownFileType = sourcecode.c.h; path = SBAPIManager.h; sourceTree = "<group>"; };
		2B7EB1A218E9D2D500C5887D /* SBAPIManager.m */ = {isa = PBXFileReference; fileEncoding = 4; lastKnownFileType = sourcecode.c.objc; path = SBAPIManager.m; sourceTree = "<group>"; };
		2B7EB1A418E9F4EC00C5887D /* SBWorkoutSummary.h */ = {isa = PBXFileReference; fileEncoding = 4; lastKnownFileType = sourcecode.c.h; path = SBWorkoutSummary.h; sourceTree = "<group>"; };
		2B7EB1A518E9F4EC00C5887D /* SBWorkoutSummary.m */ = {isa = PBXFileReference; fileEncoding = 4; lastKnownFileType = sourcecode.c.objc; path = SBWorkoutSummary.m; sourceTree = "<group>"; };
		2B7EB1A718E9F68400C5887D /* SBBaseModelObject.h */ = {isa = PBXFileReference; fileEncoding = 4; lastKnownFileType = sourcecode.c.h; path = SBBaseModelObject.h; sourceTree = "<group>"; };
		2B7EB1A818E9F68400C5887D /* SBBaseModelObject.m */ = {isa = PBXFileReference; fileEncoding = 4; lastKnownFileType = sourcecode.c.objc; path = SBBaseModelObject.m; sourceTree = "<group>"; };
		2B7EB1AE18EB059B00C5887D /* SBWorkout.h */ = {isa = PBXFileReference; fileEncoding = 4; lastKnownFileType = sourcecode.c.h; path = SBWorkout.h; sourceTree = "<group>"; };
		2B7EB1AF18EB059B00C5887D /* SBWorkout.m */ = {isa = PBXFileReference; fileEncoding = 4; lastKnownFileType = sourcecode.c.objc; path = SBWorkout.m; sourceTree = "<group>"; };
		2B7EB1B118EB117000C5887D /* SBWorkoutTableViewController.h */ = {isa = PBXFileReference; fileEncoding = 4; lastKnownFileType = sourcecode.c.h; path = SBWorkoutTableViewController.h; sourceTree = "<group>"; };
		2B7EB1B218EB117000C5887D /* SBWorkoutTableViewController.m */ = {isa = PBXFileReference; fileEncoding = 4; lastKnownFileType = sourcecode.c.objc; path = SBWorkoutTableViewController.m; sourceTree = "<group>"; };
		2B7EB1B718EBF6CE00C5887D /* NSDate+RFCAndISO.h */ = {isa = PBXFileReference; fileEncoding = 4; lastKnownFileType = sourcecode.c.h; path = "NSDate+RFCAndISO.h"; sourceTree = "<group>"; };
		2B7EB1B818EBF6CE00C5887D /* NSDate+RFCAndISO.m */ = {isa = PBXFileReference; fileEncoding = 4; lastKnownFileType = sourcecode.c.objc; path = "NSDate+RFCAndISO.m"; sourceTree = "<group>"; };
/* End PBXFileReference section */

/* Begin PBXFrameworksBuildPhase section */
		2B2718F318E5C5FC00ED2650 /* Frameworks */ = {
			isa = PBXFrameworksBuildPhase;
			buildActionMask = 2147483647;
			files = (
				2B2718FC18E5C5FC00ED2650 /* CoreGraphics.framework in Frameworks */,
				2B2718FE18E5C5FC00ED2650 /* UIKit.framework in Frameworks */,
				2B2718FA18E5C5FC00ED2650 /* Foundation.framework in Frameworks */,
			);
			runOnlyForDeploymentPostprocessing = 0;
		};
		2B27191418E5C5FD00ED2650 /* Frameworks */ = {
			isa = PBXFrameworksBuildPhase;
			buildActionMask = 2147483647;
			files = (
				2B27191918E5C5FD00ED2650 /* XCTest.framework in Frameworks */,
				2B27191B18E5C5FD00ED2650 /* UIKit.framework in Frameworks */,
				2B27191A18E5C5FD00ED2650 /* Foundation.framework in Frameworks */,
			);
			runOnlyForDeploymentPostprocessing = 0;
		};
/* End PBXFrameworksBuildPhase section */

/* Begin PBXGroup section */
		2B2718ED18E5C5FC00ED2650 = {
			isa = PBXGroup;
			children = (
				2B2718FF18E5C5FC00ED2650 /* sporttracks */,
				2B27191E18E5C5FD00ED2650 /* sporttracksTests */,
				2B2718F818E5C5FC00ED2650 /* Frameworks */,
				2B2718F718E5C5FC00ED2650 /* Products */,
			);
			sourceTree = "<group>";
		};
		2B2718F718E5C5FC00ED2650 /* Products */ = {
			isa = PBXGroup;
			children = (
				2B2718F618E5C5FC00ED2650 /* sporttracks.app */,
				2B27191718E5C5FD00ED2650 /* sporttracksTests.xctest */,
			);
			name = Products;
			sourceTree = "<group>";
		};
		2B2718F818E5C5FC00ED2650 /* Frameworks */ = {
			isa = PBXGroup;
			children = (
				2B2718F918E5C5FC00ED2650 /* Foundation.framework */,
				2B2718FB18E5C5FC00ED2650 /* CoreGraphics.framework */,
				2B2718FD18E5C5FC00ED2650 /* UIKit.framework */,
				2B27191818E5C5FD00ED2650 /* XCTest.framework */,
			);
			name = Frameworks;
			sourceTree = "<group>";
		};
		2B2718FF18E5C5FC00ED2650 /* sporttracks */ = {
			isa = PBXGroup;
			children = (
				2B27190818E5C5FC00ED2650 /* SBAppDelegate.h */,
				2B27190918E5C5FC00ED2650 /* SBAppDelegate.m */,
				2B27190B18E5C5FC00ED2650 /* Main.storyboard */,
				2B27190E18E5C5FC00ED2650 /* SBViewController.h */,
				2B27190F18E5C5FC00ED2650 /* SBViewController.m */,
				2B7EB19818E9ACB200C5887D /* Model */,
				2B27191118E5C5FC00ED2650 /* Images.xcassets */,
				2B27190018E5C5FC00ED2650 /* Supporting Files */,
				2B7EB19C18E9CB0700C5887D /* SBHistoryTableViewController.h */,
				2B7EB19D18E9CB0700C5887D /* SBHistoryTableViewController.m */,
				2B7EB1B118EB117000C5887D /* SBWorkoutTableViewController.h */,
				2B7EB1B218EB117000C5887D /* SBWorkoutTableViewController.m */,
				2B7EB1B718EBF6CE00C5887D /* NSDate+RFCAndISO.h */,
				2B7EB1B818EBF6CE00C5887D /* NSDate+RFCAndISO.m */,
			);
			path = sporttracks;
			sourceTree = "<group>";
		};
		2B27190018E5C5FC00ED2650 /* Supporting Files */ = {
			isa = PBXGroup;
			children = (
				2B27190118E5C5FC00ED2650 /* sporttracks-Info.plist */,
				2B27190218E5C5FC00ED2650 /* InfoPlist.strings */,
				2B27190518E5C5FC00ED2650 /* main.m */,
				2B27190718E5C5FC00ED2650 /* sporttracks-Prefix.pch */,
			);
			name = "Supporting Files";
			sourceTree = "<group>";
		};
		2B27191E18E5C5FD00ED2650 /* sporttracksTests */ = {
			isa = PBXGroup;
			children = (
				2B27192418E5C5FD00ED2650 /* sporttracksTests.m */,
				2B27191F18E5C5FD00ED2650 /* Supporting Files */,
			);
			path = sporttracksTests;
			sourceTree = "<group>";
		};
		2B27191F18E5C5FD00ED2650 /* Supporting Files */ = {
			isa = PBXGroup;
			children = (
				2B27192018E5C5FD00ED2650 /* sporttracksTests-Info.plist */,
				2B27192118E5C5FD00ED2650 /* InfoPlist.strings */,
			);
			name = "Supporting Files";
			sourceTree = "<group>";
		};
		2B7EB19818E9ACB200C5887D /* Model */ = {
			isa = PBXGroup;
			children = (
				2B7EB19918E9AD0900C5887D /* SBUser.h */,
				2B7EB19A18E9AD0900C5887D /* SBUser.m */,
				2B7EB1A118E9D2D500C5887D /* SBAPIManager.h */,
				2B7EB1A218E9D2D500C5887D /* SBAPIManager.m */,
				2B7EB1A718E9F68400C5887D /* SBBaseModelObject.h */,
				2B7EB1A818E9F68400C5887D /* SBBaseModelObject.m */,
				2B7EB1A418E9F4EC00C5887D /* SBWorkoutSummary.h */,
				2B7EB1A518E9F4EC00C5887D /* SBWorkoutSummary.m */,
				2B7EB1AE18EB059B00C5887D /* SBWorkout.h */,
				2B7EB1AF18EB059B00C5887D /* SBWorkout.m */,
			);
			path = Model;
			sourceTree = "<group>";
		};
/* End PBXGroup section */

/* Begin PBXNativeTarget section */
		2B2718F518E5C5FC00ED2650 /* sporttracks */ = {
			isa = PBXNativeTarget;
			buildConfigurationList = 2B27192818E5C5FD00ED2650 /* Build configuration list for PBXNativeTarget "sporttracks" */;
			buildPhases = (
				2B2718F218E5C5FC00ED2650 /* Sources */,
				2B2718F318E5C5FC00ED2650 /* Frameworks */,
				2B2718F418E5C5FC00ED2650 /* Resources */,
				2B27192E18E5C60A00ED2650 /* Icon Watermarking */,
			);
			buildRules = (
			);
			dependencies = (
			);
			name = sporttracks;
			productName = sporttracks;
			productReference = 2B2718F618E5C5FC00ED2650 /* sporttracks.app */;
			productType = "com.apple.product-type.application";
		};
		2B27191618E5C5FD00ED2650 /* sporttracksTests */ = {
			isa = PBXNativeTarget;
			buildConfigurationList = 2B27192B18E5C5FD00ED2650 /* Build configuration list for PBXNativeTarget "sporttracksTests" */;
			buildPhases = (
				2B27191318E5C5FD00ED2650 /* Sources */,
				2B27191418E5C5FD00ED2650 /* Frameworks */,
				2B27191518E5C5FD00ED2650 /* Resources */,
			);
			buildRules = (
			);
			dependencies = (
				2B27191D18E5C5FD00ED2650 /* PBXTargetDependency */,
			);
			name = sporttracksTests;
			productName = sporttracksTests;
			productReference = 2B27191718E5C5FD00ED2650 /* sporttracksTests.xctest */;
			productType = "com.apple.product-type.bundle.unit-test";
		};
/* End PBXNativeTarget section */

/* Begin PBXProject section */
		2B2718EE18E5C5FC00ED2650 /* Project object */ = {
			isa = PBXProject;
			attributes = {
				CLASSPREFIX = SB;
				LastUpgradeCheck = 0510;
				ORGANIZATIONNAME = SixBe;
				TargetAttributes = {
					2B27191618E5C5FD00ED2650 = {
						TestTargetID = 2B2718F518E5C5FC00ED2650;
					};
				};
			};
			buildConfigurationList = 2B2718F118E5C5FC00ED2650 /* Build configuration list for PBXProject "sporttracks" */;
			compatibilityVersion = "Xcode 3.2";
			developmentRegion = English;
			hasScannedForEncodings = 0;
			knownRegions = (
				en,
				Base,
			);
			mainGroup = 2B2718ED18E5C5FC00ED2650;
			productRefGroup = 2B2718F718E5C5FC00ED2650 /* Products */;
			projectDirPath = "";
			projectRoot = "";
			targets = (
				2B2718F518E5C5FC00ED2650 /* sporttracks */,
				2B27191618E5C5FD00ED2650 /* sporttracksTests */,
			);
		};
/* End PBXProject section */

/* Begin PBXResourcesBuildPhase section */
		2B2718F418E5C5FC00ED2650 /* Resources */ = {
			isa = PBXResourcesBuildPhase;
			buildActionMask = 2147483647;
			files = (
				2B27191218E5C5FC00ED2650 /* Images.xcassets in Resources */,
				2B27190418E5C5FC00ED2650 /* InfoPlist.strings in Resources */,
				2B27190D18E5C5FC00ED2650 /* Main.storyboard in Resources */,
			);
			runOnlyForDeploymentPostprocessing = 0;
		};
		2B27191518E5C5FD00ED2650 /* Resources */ = {
			isa = PBXResourcesBuildPhase;
			buildActionMask = 2147483647;
			files = (
				2B27192318E5C5FD00ED2650 /* InfoPlist.strings in Resources */,
			);
			runOnlyForDeploymentPostprocessing = 0;
		};
/* End PBXResourcesBuildPhase section */

/* Begin PBXShellScriptBuildPhase section */
		2B27192E18E5C60A00ED2650 /* Icon Watermarking */ = {
			isa = PBXShellScriptBuildPhase;
			buildActionMask = 2147483647;
			files = (
			);
			inputPaths = (
			);
			name = "Icon Watermarking";
			outputPaths = (
			);
			runOnlyForDeploymentPostprocessing = 0;
			shellPath = /bin/sh;
			shellScript = "\"${SRCROOT}/Scripts/iconVersioning.sh\"";
		};
/* End PBXShellScriptBuildPhase section */

/* Begin PBXSourcesBuildPhase section */
		2B2718F218E5C5FC00ED2650 /* Sources */ = {
			isa = PBXSourcesBuildPhase;
			buildActionMask = 2147483647;
			files = (
				2B27190618E5C5FC00ED2650 /* main.m in Sources */,
				2B7EB1A618E9F4EC00C5887D /* SBWorkoutSummary.m in Sources */,
				2B27191018E5C5FC00ED2650 /* SBViewController.m in Sources */,
				2B27190A18E5C5FC00ED2650 /* SBAppDelegate.m in Sources */,
				2B7EB1A318E9D2D500C5887D /* SBAPIManager.m in Sources */,
				2B7EB19F18E9CB0700C5887D /* SBHistoryTableViewController.m in Sources */,
				2B7EB1B318EB117000C5887D /* SBWorkoutTableViewController.m in Sources */,
				2B7EB1B918EBF6CE00C5887D /* NSDate+RFCAndISO.m in Sources */,
				2B7EB1A918E9F68400C5887D /* SBBaseModelObject.m in Sources */,
				2B7EB19B18E9AD0900C5887D /* SBUser.m in Sources */,
				2B7EB1B018EB059B00C5887D /* SBWorkout.m in Sources */,
			);
			runOnlyForDeploymentPostprocessing = 0;
		};
		2B27191318E5C5FD00ED2650 /* Sources */ = {
			isa = PBXSourcesBuildPhase;
			buildActionMask = 2147483647;
			files = (
				2B27192518E5C5FD00ED2650 /* sporttracksTests.m in Sources */,
			);
			runOnlyForDeploymentPostprocessing = 0;
		};
/* End PBXSourcesBuildPhase section */

/* Begin PBXTargetDependency section */
		2B27191D18E5C5FD00ED2650 /* PBXTargetDependency */ = {
			isa = PBXTargetDependency;
			target = 2B2718F518E5C5FC00ED2650 /* sporttracks */;
			targetProxy = 2B27191C18E5C5FD00ED2650 /* PBXContainerItemProxy */;
		};
/* End PBXTargetDependency section */

/* Begin PBXVariantGroup section */
		2B27190218E5C5FC00ED2650 /* InfoPlist.strings */ = {
			isa = PBXVariantGroup;
			children = (
				2B27190318E5C5FC00ED2650 /* en */,
			);
			name = InfoPlist.strings;
			sourceTree = "<group>";
		};
		2B27190B18E5C5FC00ED2650 /* Main.storyboard */ = {
			isa = PBXVariantGroup;
			children = (
				2B27190C18E5C5FC00ED2650 /* Base */,
			);
			name = Main.storyboard;
			sourceTree = "<group>";
		};
		2B27192118E5C5FD00ED2650 /* InfoPlist.strings */ = {
			isa = PBXVariantGroup;
			children = (
				2B27192218E5C5FD00ED2650 /* en */,
			);
			name = InfoPlist.strings;
			sourceTree = "<group>";
		};
/* End PBXVariantGroup section */

/* Begin XCBuildConfiguration section */
		2B27192618E5C5FD00ED2650 /* Debug */ = {
			isa = XCBuildConfiguration;
			buildSettings = {
				ALWAYS_SEARCH_USER_PATHS = NO;
				CLANG_CXX_LANGUAGE_STANDARD = "gnu++0x";
				CLANG_CXX_LIBRARY = "libc++";
				CLANG_ENABLE_MODULES = YES;
				CLANG_ENABLE_OBJC_ARC = YES;
				CLANG_WARN_BOOL_CONVERSION = YES;
				CLANG_WARN_CONSTANT_CONVERSION = YES;
				CLANG_WARN_DIRECT_OBJC_ISA_USAGE = YES_ERROR;
				CLANG_WARN_EMPTY_BODY = YES;
				CLANG_WARN_ENUM_CONVERSION = YES;
				CLANG_WARN_INT_CONVERSION = YES;
				CLANG_WARN_OBJC_ROOT_CLASS = YES_ERROR;
				CLANG_WARN__DUPLICATE_METHOD_MATCH = YES;
				"CODE_SIGN_IDENTITY[sdk=iphoneos*]" = "iPhone Developer";
				COPY_PHASE_STRIP = NO;
				GCC_C_LANGUAGE_STANDARD = gnu99;
				GCC_DYNAMIC_NO_PIC = NO;
				GCC_OPTIMIZATION_LEVEL = 0;
				GCC_PREPROCESSOR_DEFINITIONS = (
					"DEBUG=1",
					"$(inherited)",
				);
				GCC_SYMBOLS_PRIVATE_EXTERN = NO;
				GCC_WARN_64_TO_32_BIT_CONVERSION = YES;
				GCC_WARN_ABOUT_RETURN_TYPE = YES_ERROR;
				GCC_WARN_UNDECLARED_SELECTOR = YES;
				GCC_WARN_UNINITIALIZED_AUTOS = YES_AGGRESSIVE;
				GCC_WARN_UNUSED_FUNCTION = YES;
				GCC_WARN_UNUSED_VARIABLE = YES;
				IPHONEOS_DEPLOYMENT_TARGET = 7.1;
				ONLY_ACTIVE_ARCH = YES;
				SDKROOT = iphoneos;
			};
			name = Debug;
		};
		2B27192718E5C5FD00ED2650 /* Release */ = {
			isa = XCBuildConfiguration;
			buildSettings = {
				ALWAYS_SEARCH_USER_PATHS = NO;
				CLANG_CXX_LANGUAGE_STANDARD = "gnu++0x";
				CLANG_CXX_LIBRARY = "libc++";
				CLANG_ENABLE_MODULES = YES;
				CLANG_ENABLE_OBJC_ARC = YES;
				CLANG_WARN_BOOL_CONVERSION = YES;
				CLANG_WARN_CONSTANT_CONVERSION = YES;
				CLANG_WARN_DIRECT_OBJC_ISA_USAGE = YES_ERROR;
				CLANG_WARN_EMPTY_BODY = YES;
				CLANG_WARN_ENUM_CONVERSION = YES;
				CLANG_WARN_INT_CONVERSION = YES;
				CLANG_WARN_OBJC_ROOT_CLASS = YES_ERROR;
				CLANG_WARN__DUPLICATE_METHOD_MATCH = YES;
				"CODE_SIGN_IDENTITY[sdk=iphoneos*]" = "iPhone Developer";
				COPY_PHASE_STRIP = YES;
				ENABLE_NS_ASSERTIONS = NO;
				GCC_C_LANGUAGE_STANDARD = gnu99;
				GCC_WARN_64_TO_32_BIT_CONVERSION = YES;
				GCC_WARN_ABOUT_RETURN_TYPE = YES_ERROR;
				GCC_WARN_UNDECLARED_SELECTOR = YES;
				GCC_WARN_UNINITIALIZED_AUTOS = YES_AGGRESSIVE;
				GCC_WARN_UNUSED_FUNCTION = YES;
				GCC_WARN_UNUSED_VARIABLE = YES;
				IPHONEOS_DEPLOYMENT_TARGET = 7.1;
				SDKROOT = iphoneos;
				VALIDATE_PRODUCT = YES;
			};
			name = Release;
		};
		2B27192918E5C5FD00ED2650 /* Debug */ = {
			isa = XCBuildConfiguration;
			buildSettings = {
				ASSETCATALOG_COMPILER_APPICON_NAME = AppIcon;
				ASSETCATALOG_COMPILER_LAUNCHIMAGE_NAME = LaunchImage;
				GCC_PRECOMPILE_PREFIX_HEADER = YES;
				GCC_PREFIX_HEADER = "sporttracks/sporttracks-Prefix.pch";
				INFOPLIST_FILE = "sporttracks/sporttracks-Info.plist";
				PRODUCT_NAME = "$(TARGET_NAME)";
				WRAPPER_EXTENSION = app;
			};
			name = Debug;
		};
		2B27192A18E5C5FD00ED2650 /* Release */ = {
			isa = XCBuildConfiguration;
			buildSettings = {
				ASSETCATALOG_COMPILER_APPICON_NAME = AppIcon;
				ASSETCATALOG_COMPILER_LAUNCHIMAGE_NAME = LaunchImage;
				GCC_PRECOMPILE_PREFIX_HEADER = YES;
				GCC_PREFIX_HEADER = "sporttracks/sporttracks-Prefix.pch";
				INFOPLIST_FILE = "sporttracks/sporttracks-Info.plist";
				PRODUCT_NAME = "$(TARGET_NAME)";
				WRAPPER_EXTENSION = app;
			};
			name = Release;
		};
		2B27192C18E5C5FD00ED2650 /* Debug */ = {
			isa = XCBuildConfiguration;
			buildSettings = {
				BUNDLE_LOADER = "$(BUILT_PRODUCTS_DIR)/sporttracks.app/sporttracks";
				FRAMEWORK_SEARCH_PATHS = (
					"$(SDKROOT)/Developer/Library/Frameworks",
					"$(inherited)",
					"$(DEVELOPER_FRAMEWORKS_DIR)",
				);
				GCC_PRECOMPILE_PREFIX_HEADER = YES;
				GCC_PREFIX_HEADER = "sporttracks/sporttracks-Prefix.pch";
				GCC_PREPROCESSOR_DEFINITIONS = (
					"DEBUG=1",
					"$(inherited)",
				);
				INFOPLIST_FILE = "sporttracksTests/sporttracksTests-Info.plist";
				PRODUCT_NAME = "$(TARGET_NAME)";
				TEST_HOST = "$(BUNDLE_LOADER)";
				WRAPPER_EXTENSION = xctest;
			};
			name = Debug;
		};
		2B27192D18E5C5FD00ED2650 /* Release */ = {
			isa = XCBuildConfiguration;
			buildSettings = {
				BUNDLE_LOADER = "$(BUILT_PRODUCTS_DIR)/sporttracks.app/sporttracks";
				FRAMEWORK_SEARCH_PATHS = (
					"$(SDKROOT)/Developer/Library/Frameworks",
					"$(inherited)",
					"$(DEVELOPER_FRAMEWORKS_DIR)",
				);
				GCC_PRECOMPILE_PREFIX_HEADER = YES;
				GCC_PREFIX_HEADER = "sporttracks/sporttracks-Prefix.pch";
				INFOPLIST_FILE = "sporttracksTests/sporttracksTests-Info.plist";
				PRODUCT_NAME = "$(TARGET_NAME)";
				TEST_HOST = "$(BUNDLE_LOADER)";
				WRAPPER_EXTENSION = xctest;
			};
			name = Release;
		};
/* End XCBuildConfiguration section */

/* Begin XCConfigurationList section */
		2B2718F118E5C5FC00ED2650 /* Build configuration list for PBXProject "sporttracks" */ = {
			isa = XCConfigurationList;
			buildConfigurations = (
				2B27192618E5C5FD00ED2650 /* Debug */,
				2B27192718E5C5FD00ED2650 /* Release */,
			);
			defaultConfigurationIsVisible = 0;
			defaultConfigurationName = Release;
		};
		2B27192818E5C5FD00ED2650 /* Build configuration list for PBXNativeTarget "sporttracks" */ = {
			isa = XCConfigurationList;
			buildConfigurations = (
				2B27192918E5C5FD00ED2650 /* Debug */,
				2B27192A18E5C5FD00ED2650 /* Release */,
			);
			defaultConfigurationIsVisible = 0;
			defaultConfigurationName = Release;
		};
		2B27192B18E5C5FD00ED2650 /* Build configuration list for PBXNativeTarget "sporttracksTests" */ = {
			isa = XCConfigurationList;
			buildConfigurations = (
				2B27192C18E5C5FD00ED2650 /* Debug */,
				2B27192D18E5C5FD00ED2650 /* Release */,
			);
			defaultConfigurationIsVisible = 0;
			defaultConfigurationName = Release;
		};
/* End XCConfigurationList section */
	};
	rootObject = 2B2718EE18E5C5FC00ED2650 /* Project object */;
}
